
Microsoft Visual Studio Solution File, Format Version 12.00
# Visual Studio 15
VisualStudioVersion = 15.0.26430.4
MinimumVisualStudioVersion = 10.0.40219.1
Project("{FAE04EC0-301F-11D3-BF4B-00C04F79EFBC}") = "MixTapeTests", "MixTapeTests\MixTapeTests.csproj", "{B1813F5A-49EF-4EA2-BF2E-899667C21C79}"
EndProject
Project("{FAE04EC0-301F-11D3-BF4B-00C04F79EFBC}") = "MixTapeFramework", "MixTapeFramework\MixTapeFramework.csproj", "{F381D548-2680-4113-85E4-DD82FCB643AD}"
EndProject
Project("{FAE04EC0-301F-11D3-BF4B-00C04F79EFBC}") = "MixTapeCoypuFramework", "MixTapeCoypuFramework\MixTapeCoypuFramework.csproj", "{34E6DA3D-CEDD-4CBA-98FC-1105CE16069F}"
EndProject
Global
	GlobalSection(SolutionConfigurationPlatforms) = preSolution
		Debug|Any CPU = Debug|Any CPU
		Release|Any CPU = Release|Any CPU
	EndGlobalSection
	GlobalSection(ProjectConfigurationPlatforms) = postSolution
		{B1813F5A-49EF-4EA2-BF2E-899667C21C79}.Debug|Any CPU.ActiveCfg = Debug|Any CPU
		{B1813F5A-49EF-4EA2-BF2E-899667C21C79}.Debug|Any CPU.Build.0 = Debug|Any CPU
		{B1813F5A-49EF-4EA2-BF2E-899667C21C79}.Release|Any CPU.ActiveCfg = Release|Any CPU
		{B1813F5A-49EF-4EA2-BF2E-899667C21C79}.Release|Any CPU.Build.0 = Release|Any CPU
		{F381D548-2680-4113-85E4-DD82FCB643AD}.Debug|Any CPU.ActiveCfg = Debug|Any CPU
		{F381D548-2680-4113-85E4-DD82FCB643AD}.Debug|Any CPU.Build.0 = Debug|Any CPU
		{F381D548-2680-4113-85E4-DD82FCB643AD}.Release|Any CPU.ActiveCfg = Release|Any CPU
		{F381D548-2680-4113-85E4-DD82FCB643AD}.Release|Any CPU.Build.0 = Release|Any CPU
		{34E6DA3D-CEDD-4CBA-98FC-1105CE16069F}.Debug|Any CPU.ActiveCfg = Debug|Any CPU
		{34E6DA3D-CEDD-4CBA-98FC-1105CE16069F}.Debug|Any CPU.Build.0 = Debug|Any CPU
		{34E6DA3D-CEDD-4CBA-98FC-1105CE16069F}.Release|Any CPU.ActiveCfg = Release|Any CPU
		{34E6DA3D-CEDD-4CBA-98FC-1105CE16069F}.Release|Any CPU.Build.0 = Release|Any CPU
	EndGlobalSection
	GlobalSection(SolutionProperties) = preSolution
		HideSolutionNode = FALSE
	EndGlobalSection
EndGlobal
